
Microsoft Visual Studio Solution File, Format Version 12.00
# Visual Studio Version 17
VisualStudioVersion = 17.11.35219.272
MinimumVisualStudioVersion = 10.0.40219.1
Project("{FAE04EC0-301F-11D3-BF4B-00C04F79EFBC}") = "WPF-Chess", "WPF-Chess\WPF-Chess.csproj", "{13ADE525-62FE-45C1-85A3-63B8AD15654E}"
EndProject
Global
	GlobalSection(SolutionConfigurationPlatforms) = preSolution
		Debug|Any CPU = Debug|Any CPU
		Release|Any CPU = Release|Any CPU
	EndGlobalSection
	GlobalSection(ProjectConfigurationPlatforms) = postSolution
		{13ADE525-62FE-45C1-85A3-63B8AD15654E}.Debug|Any CPU.ActiveCfg = Debug|Any CPU
		{13ADE525-62FE-45C1-85A3-63B8AD15654E}.Debug|Any CPU.Build.0 = Debug|Any CPU
		{13ADE525-62FE-45C1-85A3-63B8AD15654E}.Release|Any CPU.ActiveCfg = Release|Any CPU
		{13ADE525-62FE-45C1-85A3-63B8AD15654E}.Release|Any CPU.Build.0 = Release|Any CPU
	EndGlobalSection
	GlobalSection(SolutionProperties) = preSolution
		HideSolutionNode = FALSE
	EndGlobalSection
	GlobalSection(ExtensibilityGlobals) = postSolution
		SolutionGuid = {301334AA-D762-4E72-ABE3-0C21C0B5D914}
	EndGlobalSection
EndGlobal
